<?xml version="1.0" encoding="utf-8"?>
<Project ToolsVersion="4.0" xmlns="http://schemas.microsoft.com/developer/msbuild/2003">
  <ItemGroup>
    <Filter Include="Source Files">
      <UniqueIdentifier>{4FC737F1-C7A5-4376-A066-2A32D752A2FF}</UniqueIdentifier>
      <Extensions>cpp;c;cc;cxx;c++;cppm;ixx;def;odl;idl;hpj;bat;asm;asmx</Extensions>
    </Filter>
    <Filter Include="Header Files">
      <UniqueIdentifier>{93995380-89BD-4b04-88EB-625FBE52EBFB}</UniqueIdentifier>
      <Extensions>h;hh;hpp;hxx;h++;hm;inl;inc;ipp;xsd</Extensions>
    </Filter>
    <Filter Include="Resource Files">
      <UniqueIdentifier>{67DA6AB6-F800-4c08-8B7A-83BB121AAD01}</UniqueIdentifier>
      <Extensions>rc;ico;cur;bmp;dlg;rc2;rct;bin;rgs;gif;jpg;jpeg;jpe;resx;tiff;tif;png;wav;mfcribbon-ms</Extensions>
    </Filter>
    <Filter Include="Header Files\Node">
      <UniqueIdentifier>{fa1ed14e-b29f-412c-a29f-f09416489b5c}</UniqueIdentifier>
    </Filter>
    <Filter Include="Header Files\Queue">
      <UniqueIdentifier>{d7642af5-dfea-426d-a7fb-c020494ce1bc}</UniqueIdentifier>
    </Filter>
    <Filter Include="Header Files\Stack">
      <UniqueIdentifier>{8738d64a-04f6-4c91-9b93-c24f789fe237}</UniqueIdentifier>
    </Filter>
    <Filter Include="Header Files\LList">
      <UniqueIdentifier>{2894a993-dfa9-4000-85a9-e9d770e1694a}</UniqueIdentifier>
    </Filter>
    <Filter Include="Header Files\DLL">
      <UniqueIdentifier>{e1a48e21-d32b-400f-8a80-2d120758f2b2}</UniqueIdentifier>
    </Filter>
    <Filter Include="Header Files\Algorithms">
      <UniqueIdentifier>{bc640d12-f276-4b91-8ff5-22c7d49e403d}</UniqueIdentifier>
    </Filter>
  </ItemGroup>
  <ItemGroup>
    <ClCompile Include="Main.cpp">
      <Filter>Source Files</Filter>
    </ClCompile>
  </ItemGroup>
  <ItemGroup>
    <ClInclude Include="Stack\Stack.h">
      <Filter>Header Files\Stack</Filter>
    </ClInclude>
    <ClInclude Include="Queue\Queue.h">
      <Filter>Header Files\Queue</Filter>
    </ClInclude>
    <ClInclude Include="Node\Node.h">
      <Filter>Header Files\Node</Filter>
    </ClInclude>
    <ClInclude Include="LList\OrderedList.h">
      <Filter>Header Files\LList</Filter>
    </ClInclude>
    <ClInclude Include="LList\UnorderedList.h">
      <Filter>Header Files\LList</Filter>
    </ClInclude>
    <ClInclude Include="DLList\DLList.h">
      <Filter>Header Files\DLL</Filter>
    </ClInclude>
    <ClInclude Include="Algorithms\Bubblesort.h">
      <Filter>Header Files\Algorithms</Filter>
    </ClInclude>
    <ClInclude Include="LList\CircularList.h">
      <Filter>Source Files</Filter>
    </ClInclude>
  </ItemGroup>
</Project>